
Microsoft Visual Studio Solution File, Format Version 12.00
# Visual Studio Version 16
VisualStudioVersion = 16.0.30907.101
MinimumVisualStudioVersion = 10.0.40219.1
Project("{9A19103F-16F7-4668-BE54-9A1E7A4F7556}") = "BasicFormatter", "BasicFormatter.csproj", "{DCB16BCF-E1E2-45FA-8998-1B09C90519EF}"
EndProject
Global
	GlobalSection(SolutionConfigurationPlatforms) = preSolution
		Debug|Any CPU = Debug|Any CPU
		Release|Any CPU = Release|Any CPU
	EndGlobalSection
	GlobalSection(ProjectConfigurationPlatforms) = postSolution
		{DCB16BCF-E1E2-45FA-8998-1B09C90519EF}.Debug|Any CPU.ActiveCfg = Debug|Any CPU
		{DCB16BCF-E1E2-45FA-8998-1B09C90519EF}.Debug|Any CPU.Build.0 = Debug|Any CPU
		{DCB16BCF-E1E2-45FA-8998-1B09C90519EF}.Release|Any CPU.ActiveCfg = Release|Any CPU
		{DCB16BCF-E1E2-45FA-8998-1B09C90519EF}.Release|Any CPU.Build.0 = Release|Any CPU
	EndGlobalSection
	GlobalSection(SolutionProperties) = preSolution
		HideSolutionNode = FALSE
	EndGlobalSection
	GlobalSection(ExtensibilityGlobals) = postSolution
		SolutionGuid = {8FB67FFF-1D34-4986-B502-2ADAFD56C9EF}
	EndGlobalSection
EndGlobal
